
Microsoft Visual Studio Solution File, Format Version 12.00
# Visual Studio Version 16
VisualStudioVersion = 16.0.31729.503
MinimumVisualStudioVersion = 10.0.40219.1
Project("{FAE04EC0-301F-11D3-BF4B-00C04F79EFBC}") = "SpaceWarriors", "SpaceWarriors\SpaceWarriors.csproj", "{B10DC54C-DBD9-400E-A31A-C6301805B7FA}"
EndProject
Global
	GlobalSection(SolutionConfigurationPlatforms) = preSolution
		Debug|Any CPU = Debug|Any CPU
		Release|Any CPU = Release|Any CPU
	EndGlobalSection
	GlobalSection(ProjectConfigurationPlatforms) = postSolution
		{B10DC54C-DBD9-400E-A31A-C6301805B7FA}.Debug|Any CPU.ActiveCfg = Debug|Any CPU
		{B10DC54C-DBD9-400E-A31A-C6301805B7FA}.Debug|Any CPU.Build.0 = Debug|Any CPU
		{B10DC54C-DBD9-400E-A31A-C6301805B7FA}.Release|Any CPU.ActiveCfg = Release|Any CPU
		{B10DC54C-DBD9-400E-A31A-C6301805B7FA}.Release|Any CPU.Build.0 = Release|Any CPU
	EndGlobalSection
	GlobalSection(SolutionProperties) = preSolution
		HideSolutionNode = FALSE
	EndGlobalSection
	GlobalSection(ExtensibilityGlobals) = postSolution
		SolutionGuid = {19A49649-C0D8-4DDD-AEE1-07D4C70FDBE1}
	EndGlobalSection
EndGlobal
